
Microsoft Visual Studio Solution File, Format Version 12.00
# Visual Studio 15
VisualStudioVersion = 15.0.26124.0
MinimumVisualStudioVersion = 15.0.26124.0
Project("{FAE04EC0-301F-11D3-BF4B-00C04F79EFBC}") = "BobApi", "BobApi\BobApi.csproj", "{D421C7C9-A8A6-4C70-BC11-B67505292F57}"
EndProject
Project("{FAE04EC0-301F-11D3-BF4B-00C04F79EFBC}") = "RecordsCalculator", "RecordsCalculator\RecordsCalculator.csproj", "{865DB93E-1FBA-44F8-BE0C-684F8F92C8DF}"
EndProject
Global
	GlobalSection(SolutionConfigurationPlatforms) = preSolution
		Debug|Any CPU = Debug|Any CPU
		Debug|x64 = Debug|x64
		Debug|x86 = Debug|x86
		Release|Any CPU = Release|Any CPU
		Release|x64 = Release|x64
		Release|x86 = Release|x86
	EndGlobalSection
	GlobalSection(SolutionProperties) = preSolution
		HideSolutionNode = FALSE
	EndGlobalSection
	GlobalSection(ProjectConfigurationPlatforms) = postSolution
		{D421C7C9-A8A6-4C70-BC11-B67505292F57}.Debug|Any CPU.ActiveCfg = Debug|Any CPU
		{D421C7C9-A8A6-4C70-BC11-B67505292F57}.Debug|Any CPU.Build.0 = Debug|Any CPU
		{D421C7C9-A8A6-4C70-BC11-B67505292F57}.Debug|x64.ActiveCfg = Debug|Any CPU
		{D421C7C9-A8A6-4C70-BC11-B67505292F57}.Debug|x64.Build.0 = Debug|Any CPU
		{D421C7C9-A8A6-4C70-BC11-B67505292F57}.Debug|x86.ActiveCfg = Debug|Any CPU
		{D421C7C9-A8A6-4C70-BC11-B67505292F57}.Debug|x86.Build.0 = Debug|Any CPU
		{D421C7C9-A8A6-4C70-BC11-B67505292F57}.Release|Any CPU.ActiveCfg = Release|Any CPU
		{D421C7C9-A8A6-4C70-BC11-B67505292F57}.Release|Any CPU.Build.0 = Release|Any CPU
		{D421C7C9-A8A6-4C70-BC11-B67505292F57}.Release|x64.ActiveCfg = Release|Any CPU
		{D421C7C9-A8A6-4C70-BC11-B67505292F57}.Release|x64.Build.0 = Release|Any CPU
		{D421C7C9-A8A6-4C70-BC11-B67505292F57}.Release|x86.ActiveCfg = Release|Any CPU
		{D421C7C9-A8A6-4C70-BC11-B67505292F57}.Release|x86.Build.0 = Release|Any CPU
		{865DB93E-1FBA-44F8-BE0C-684F8F92C8DF}.Debug|Any CPU.ActiveCfg = Debug|Any CPU
		{865DB93E-1FBA-44F8-BE0C-684F8F92C8DF}.Debug|Any CPU.Build.0 = Debug|Any CPU
		{865DB93E-1FBA-44F8-BE0C-684F8F92C8DF}.Debug|x64.ActiveCfg = Debug|Any CPU
		{865DB93E-1FBA-44F8-BE0C-684F8F92C8DF}.Debug|x64.Build.0 = Debug|Any CPU
		{865DB93E-1FBA-44F8-BE0C-684F8F92C8DF}.Debug|x86.ActiveCfg = Debug|Any CPU
		{865DB93E-1FBA-44F8-BE0C-684F8F92C8DF}.Debug|x86.Build.0 = Debug|Any CPU
		{865DB93E-1FBA-44F8-BE0C-684F8F92C8DF}.Release|Any CPU.ActiveCfg = Release|Any CPU
		{865DB93E-1FBA-44F8-BE0C-684F8F92C8DF}.Release|Any CPU.Build.0 = Release|Any CPU
		{865DB93E-1FBA-44F8-BE0C-684F8F92C8DF}.Release|x64.ActiveCfg = Release|Any CPU
		{865DB93E-1FBA-44F8-BE0C-684F8F92C8DF}.Release|x64.Build.0 = Release|Any CPU
		{865DB93E-1FBA-44F8-BE0C-684F8F92C8DF}.Release|x86.ActiveCfg = Release|Any CPU
		{865DB93E-1FBA-44F8-BE0C-684F8F92C8DF}.Release|x86.Build.0 = Release|Any CPU
	EndGlobalSection
EndGlobal
