
Microsoft Visual Studio Solution File, Format Version 12.00
Project("{FAE04EC0-301F-11D3-BF4B-00C04F79EFBC}") = "DiskStatusAnalyzer", "DiskStatusAnalyzer\DiskStatusAnalyzer.csproj", "{88DCFA79-FC1E-437D-9CA6-CA88E1B03FC0}"
EndProject
Global
	GlobalSection(SolutionConfigurationPlatforms) = preSolution
		Debug|Any CPU = Debug|Any CPU
		Release|Any CPU = Release|Any CPU
	EndGlobalSection
	GlobalSection(ProjectConfigurationPlatforms) = postSolution
		{88DCFA79-FC1E-437D-9CA6-CA88E1B03FC0}.Debug|Any CPU.ActiveCfg = Debug|Any CPU
		{88DCFA79-FC1E-437D-9CA6-CA88E1B03FC0}.Debug|Any CPU.Build.0 = Debug|Any CPU
		{88DCFA79-FC1E-437D-9CA6-CA88E1B03FC0}.Release|Any CPU.ActiveCfg = Release|Any CPU
		{88DCFA79-FC1E-437D-9CA6-CA88E1B03FC0}.Release|Any CPU.Build.0 = Release|Any CPU
	EndGlobalSection
EndGlobal
